// !$*UTF8*$!
{
	archiveVersion = 1;
	classes = {
	};
	objectVersion = 55;
	objects = {

/* Begin PBXBuildFile section */
		CEA99BDF28A23EDB00D1BB31 /* main.swift in Sources */ = {isa = PBXBuildFile; fileRef = CEA99BDE28A23EDB00D1BB31 /* main.swift */; };
		CEA99BEA28A2592D00D1BB31 /* Builder.swift in Sources */ = {isa = PBXBuildFile; fileRef = CEA99BE928A2592D00D1BB31 /* Builder.swift */; };
		CEA99BEC28A2593500D1BB31 /* Director.swift in Sources */ = {isa = PBXBuildFile; fileRef = CEA99BEB28A2593500D1BB31 /* Director.swift */; };
		CEA99BEE28A2593F00D1BB31 /* PlainTextBuilder.swift in Sources */ = {isa = PBXBuildFile; fileRef = CEA99BED28A2593F00D1BB31 /* PlainTextBuilder.swift */; };
		CEA99BF028A2594700D1BB31 /* JSONBuilder.swift in Sources */ = {isa = PBXBuildFile; fileRef = CEA99BEF28A2594700D1BB31 /* JSONBuilder.swift */; };
		CEA99BF228A2594E00D1BB31 /* XMLBuilder.swift in Sources */ = {isa = PBXBuildFile; fileRef = CEA99BF128A2594E00D1BB31 /* XMLBuilder.swift */; };
		CEA99BF828A259CE00D1BB31 /* Data.swift in Sources */ = {isa = PBXBuildFile; fileRef = CEA99BF728A259CE00D1BB31 /* Data.swift */; };
/* End PBXBuildFile section */

/* Begin PBXCopyFilesBuildPhase section */
		CEA99BD928A23EDB00D1BB31 /* CopyFiles */ = {
			isa = PBXCopyFilesBuildPhase;
			buildActionMask = 2147483647;
			dstPath = /usr/share/man/man1/;
			dstSubfolderSpec = 0;
			files = (
			);
			runOnlyForDeploymentPostprocessing = 1;
		};
/* End PBXCopyFilesBuildPhase section */

/* Begin PBXFileReference section */
		CEA99BDB28A23EDB00D1BB31 /* Builder-02 */ = {isa = PBXFileReference; explicitFileType = "compiled.mach-o.executable"; includeInIndex = 0; path = "Builder-02"; sourceTree = BUILT_PRODUCTS_DIR; };
		CEA99BDE28A23EDB00D1BB31 /* main.swift */ = {isa = PBXFileReference; lastKnownFileType = sourcecode.swift; path = main.swift; sourceTree = "<group>"; };
		CEA99BE928A2592D00D1BB31 /* Builder.swift */ = {isa = PBXFileReference; lastKnownFileType = sourcecode.swift; path = Builder.swift; sourceTree = "<group>"; };
		CEA99BEB28A2593500D1BB31 /* Director.swift */ = {isa = PBXFileReference; lastKnownFileType = sourcecode.swift; path = Director.swift; sourceTree = "<group>"; };
		CEA99BED28A2593F00D1BB31 /* PlainTextBuilder.swift */ = {isa = PBXFileReference; lastKnownFileType = sourcecode.swift; path = PlainTextBuilder.swift; sourceTree = "<group>"; };
		CEA99BEF28A2594700D1BB31 /* JSONBuilder.swift */ = {isa = PBXFileReference; lastKnownFileType = sourcecode.swift; path = JSONBuilder.swift; sourceTree = "<group>"; };
		CEA99BF128A2594E00D1BB31 /* XMLBuilder.swift */ = {isa = PBXFileReference; lastKnownFileType = sourcecode.swift; path = XMLBuilder.swift; sourceTree = "<group>"; };
		CEA99BF728A259CE00D1BB31 /* Data.swift */ = {isa = PBXFileReference; lastKnownFileType = sourcecode.swift; path = Data.swift; sourceTree = "<group>"; };
/* End PBXFileReference section */

/* Begin PBXFrameworksBuildPhase section */
		CEA99BD828A23EDB00D1BB31 /* Frameworks */ = {
			isa = PBXFrameworksBuildPhase;
			buildActionMask = 2147483647;
			files = (
			);
			runOnlyForDeploymentPostprocessing = 0;
		};
/* End PBXFrameworksBuildPhase section */

/* Begin PBXGroup section */
		CEA99BD228A23EDB00D1BB31 = {
			isa = PBXGroup;
			children = (
				CEA99BDD28A23EDB00D1BB31 /* Builder-02 */,
				CEA99BDC28A23EDB00D1BB31 /* Products */,
			);
			sourceTree = "<group>";
		};
		CEA99BDC28A23EDB00D1BB31 /* Products */ = {
			isa = PBXGroup;
			children = (
				CEA99BDB28A23EDB00D1BB31 /* Builder-02 */,
			);
			name = Products;
			sourceTree = "<group>";
		};
		CEA99BDD28A23EDB00D1BB31 /* Builder-02 */ = {
			isa = PBXGroup;
			children = (
				CEA99BF628A2597D00D1BB31 /* Implementations */,
				CEA99BF328A2595700D1BB31 /* Interfaces */,
				CEA99BEB28A2593500D1BB31 /* Director.swift */,
				CEA99BF728A259CE00D1BB31 /* Data.swift */,
				CEA99BDE28A23EDB00D1BB31 /* main.swift */,
			);
			path = "Builder-02";
			sourceTree = "<group>";
		};
		CEA99BF328A2595700D1BB31 /* Interfaces */ = {
			isa = PBXGroup;
			children = (
				CEA99BE928A2592D00D1BB31 /* Builder.swift */,
			);
			path = Interfaces;
			sourceTree = "<group>";
		};
		CEA99BF628A2597D00D1BB31 /* Implementations */ = {
			isa = PBXGroup;
			children = (
				CEA99BED28A2593F00D1BB31 /* PlainTextBuilder.swift */,
				CEA99BEF28A2594700D1BB31 /* JSONBuilder.swift */,
				CEA99BF128A2594E00D1BB31 /* XMLBuilder.swift */,
			);
			path = Implementations;
			sourceTree = "<group>";
		};
/* End PBXGroup section */

/* Begin PBXNativeTarget section */
		CEA99BDA28A23EDB00D1BB31 /* Builder-02 */ = {
			isa = PBXNativeTarget;
			buildConfigurationList = CEA99BE228A23EDB00D1BB31 /* Build configuration list for PBXNativeTarget "Builder-02" */;
			buildPhases = (
				CEA99BD728A23EDB00D1BB31 /* Sources */,
				CEA99BD828A23EDB00D1BB31 /* Frameworks */,
				CEA99BD928A23EDB00D1BB31 /* CopyFiles */,
			);
			buildRules = (
			);
			dependencies = (
			);
			name = "Builder-02";
			productName = "Builder-02";
			productReference = CEA99BDB28A23EDB00D1BB31 /* Builder-02 */;
			productType = "com.apple.product-type.tool";
		};
/* End PBXNativeTarget section */

/* Begin PBXProject section */
		CEA99BD328A23EDB00D1BB31 /* Project object */ = {
			isa = PBXProject;
			attributes = {
				BuildIndependentTargetsInParallel = 1;
				LastSwiftUpdateCheck = 1340;
				LastUpgradeCheck = 1340;
				TargetAttributes = {
					CEA99BDA28A23EDB00D1BB31 = {
						CreatedOnToolsVersion = 13.4.1;
					};
				};
			};
			buildConfigurationList = CEA99BD628A23EDB00D1BB31 /* Build configuration list for PBXProject "Builder-02" */;
			compatibilityVersion = "Xcode 13.0";
			developmentRegion = en;
			hasScannedForEncodings = 0;
			knownRegions = (
				en,
				Base,
			);
			mainGroup = CEA99BD228A23EDB00D1BB31;
			productRefGroup = CEA99BDC28A23EDB00D1BB31 /* Products */;
			projectDirPath = "";
			projectRoot = "";
			targets = (
				CEA99BDA28A23EDB00D1BB31 /* Builder-02 */,
			);
		};
/* End PBXProject section */

/* Begin PBXSourcesBuildPhase section */
		CEA99BD728A23EDB00D1BB31 /* Sources */ = {
			isa = PBXSourcesBuildPhase;
			buildActionMask = 2147483647;
			files = (
				CEA99BF828A259CE00D1BB31 /* Data.swift in Sources */,
				CEA99BDF28A23EDB00D1BB31 /* main.swift in Sources */,
				CEA99BEE28A2593F00D1BB31 /* PlainTextBuilder.swift in Sources */,
				CEA99BEC28A2593500D1BB31 /* Director.swift in Sources */,
				CEA99BF228A2594E00D1BB31 /* XMLBuilder.swift in Sources */,
				CEA99BEA28A2592D00D1BB31 /* Builder.swift in Sources */,
				CEA99BF028A2594700D1BB31 /* JSONBuilder.swift in Sources */,
			);
			runOnlyForDeploymentPostprocessing = 0;
		};
/* End PBXSourcesBuildPhase section */

/* Begin XCBuildConfiguration section */
		CEA99BE028A23EDB00D1BB31 /* Debug */ = {
			isa = XCBuildConfiguration;
			buildSettings = {
				ALWAYS_SEARCH_USER_PATHS = NO;
				CLANG_ANALYZER_NONNULL = YES;
				CLANG_ANALYZER_NUMBER_OBJECT_CONVERSION = YES_AGGRESSIVE;
				CLANG_CXX_LANGUAGE_STANDARD = "gnu++17";
				CLANG_ENABLE_MODULES = YES;
				CLANG_ENABLE_OBJC_ARC = YES;
				CLANG_ENABLE_OBJC_WEAK = YES;
				CLANG_WARN_BLOCK_CAPTURE_AUTORELEASING = YES;
				CLANG_WARN_BOOL_CONVERSION = YES;
				CLANG_WARN_COMMA = YES;
				CLANG_WARN_CONSTANT_CONVERSION = YES;
				CLANG_WARN_DEPRECATED_OBJC_IMPLEMENTATIONS = YES;
				CLANG_WARN_DIRECT_OBJC_ISA_USAGE = YES_ERROR;
				CLANG_WARN_DOCUMENTATION_COMMENTS = YES;
				CLANG_WARN_EMPTY_BODY = YES;
				CLANG_WARN_ENUM_CONVERSION = YES;
				CLANG_WARN_INFINITE_RECURSION = YES;
				CLANG_WARN_INT_CONVERSION = YES;
				CLANG_WARN_NON_LITERAL_NULL_CONVERSION = YES;
				CLANG_WARN_OBJC_IMPLICIT_RETAIN_SELF = YES;
				CLANG_WARN_OBJC_LITERAL_CONVERSION = YES;
				CLANG_WARN_OBJC_ROOT_CLASS = YES_ERROR;
				CLANG_WARN_QUOTED_INCLUDE_IN_FRAMEWORK_HEADER = YES;
				CLANG_WARN_RANGE_LOOP_ANALYSIS = YES;
				CLANG_WARN_STRICT_PROTOTYPES = YES;
				CLANG_WARN_SUSPICIOUS_MOVE = YES;
				CLANG_WARN_UNGUARDED_AVAILABILITY = YES_AGGRESSIVE;
				CLANG_WARN_UNREACHABLE_CODE = YES;
				CLANG_WARN__DUPLICATE_METHOD_MATCH = YES;
				COPY_PHASE_STRIP = NO;
				DEBUG_INFORMATION_FORMAT = dwarf;
				ENABLE_STRICT_OBJC_MSGSEND = YES;
				ENABLE_TESTABILITY = YES;
				GCC_C_LANGUAGE_STANDARD = gnu11;
				GCC_DYNAMIC_NO_PIC = NO;
				GCC_NO_COMMON_BLOCKS = YES;
				GCC_OPTIMIZATION_LEVEL = 0;
				GCC_PREPROCESSOR_DEFINITIONS = (
					"DEBUG=1",
					"$(inherited)",
				);
				GCC_WARN_64_TO_32_BIT_CONVERSION = YES;
				GCC_WARN_ABOUT_RETURN_TYPE = YES_ERROR;
				GCC_WARN_UNDECLARED_SELECTOR = YES;
				GCC_WARN_UNINITIALIZED_AUTOS = YES_AGGRESSIVE;
				GCC_WARN_UNUSED_FUNCTION = YES;
				GCC_WARN_UNUSED_VARIABLE = YES;
				MACOSX_DEPLOYMENT_TARGET = 12.3;
				MTL_ENABLE_DEBUG_INFO = INCLUDE_SOURCE;
				MTL_FAST_MATH = YES;
				ONLY_ACTIVE_ARCH = YES;
				SDKROOT = macosx;
				SWIFT_ACTIVE_COMPILATION_CONDITIONS = DEBUG;
				SWIFT_OPTIMIZATION_LEVEL = "-Onone";
			};
			name = Debug;
		};
		CEA99BE128A23EDB00D1BB31 /* Release */ = {
			isa = XCBuildConfiguration;
			buildSettings = {
				ALWAYS_SEARCH_USER_PATHS = NO;
				CLANG_ANALYZER_NONNULL = YES;
				CLANG_ANALYZER_NUMBER_OBJECT_CONVERSION = YES_AGGRESSIVE;
				CLANG_CXX_LANGUAGE_STANDARD = "gnu++17";
				CLANG_ENABLE_MODULES = YES;
				CLANG_ENABLE_OBJC_ARC = YES;
				CLANG_ENABLE_OBJC_WEAK = YES;
				CLANG_WARN_BLOCK_CAPTURE_AUTORELEASING = YES;
				CLANG_WARN_BOOL_CONVERSION = YES;
				CLANG_WARN_COMMA = YES;
				CLANG_WARN_CONSTANT_CONVERSION = YES;
				CLANG_WARN_DEPRECATED_OBJC_IMPLEMENTATIONS = YES;
				CLANG_WARN_DIRECT_OBJC_ISA_USAGE = YES_ERROR;
				CLANG_WARN_DOCUMENTATION_COMMENTS = YES;
				CLANG_WARN_EMPTY_BODY = YES;
				CLANG_WARN_ENUM_CONVERSION = YES;
				CLANG_WARN_INFINITE_RECURSION = YES;
				CLANG_WARN_INT_CONVERSION = YES;
				CLANG_WARN_NON_LITERAL_NULL_CONVERSION = YES;
				CLANG_WARN_OBJC_IMPLICIT_RETAIN_SELF = YES;
				CLANG_WARN_OBJC_LITERAL_CONVERSION = YES;
				CLANG_WARN_OBJC_ROOT_CLASS = YES_ERROR;
				CLANG_WARN_QUOTED_INCLUDE_IN_FRAMEWORK_HEADER = YES;
				CLANG_WARN_RANGE_LOOP_ANALYSIS = YES;
				CLANG_WARN_STRICT_PROTOTYPES = YES;
				CLANG_WARN_SUSPICIOUS_MOVE = YES;
				CLANG_WARN_UNGUARDED_AVAILABILITY = YES_AGGRESSIVE;
				CLANG_WARN_UNREACHABLE_CODE = YES;
				CLANG_WARN__DUPLICATE_METHOD_MATCH = YES;
				COPY_PHASE_STRIP = NO;
				DEBUG_INFORMATION_FORMAT = "dwarf-with-dsym";
				ENABLE_NS_ASSERTIONS = NO;
				ENABLE_STRICT_OBJC_MSGSEND = YES;
				GCC_C_LANGUAGE_STANDARD = gnu11;
				GCC_NO_COMMON_BLOCKS = YES;
				GCC_WARN_64_TO_32_BIT_CONVERSION = YES;
				GCC_WARN_ABOUT_RETURN_TYPE = YES_ERROR;
				GCC_WARN_UNDECLARED_SELECTOR = YES;
				GCC_WARN_UNINITIALIZED_AUTOS = YES_AGGRESSIVE;
				GCC_WARN_UNUSED_FUNCTION = YES;
				GCC_WARN_UNUSED_VARIABLE = YES;
				MACOSX_DEPLOYMENT_TARGET = 12.3;
				MTL_ENABLE_DEBUG_INFO = NO;
				MTL_FAST_MATH = YES;
				SDKROOT = macosx;
				SWIFT_COMPILATION_MODE = wholemodule;
				SWIFT_OPTIMIZATION_LEVEL = "-O";
			};
			name = Release;
		};
		CEA99BE328A23EDB00D1BB31 /* Debug */ = {
			isa = XCBuildConfiguration;
			buildSettings = {
				CODE_SIGN_STYLE = Automatic;
				PRODUCT_NAME = "$(TARGET_NAME)";
				SWIFT_VERSION = 5.0;
			};
			name = Debug;
		};
		CEA99BE428A23EDB00D1BB31 /* Release */ = {
			isa = XCBuildConfiguration;
			buildSettings = {
				CODE_SIGN_STYLE = Automatic;
				PRODUCT_NAME = "$(TARGET_NAME)";
				SWIFT_VERSION = 5.0;
			};
			name = Release;
		};
/* End XCBuildConfiguration section */

/* Begin XCConfigurationList section */
		CEA99BD628A23EDB00D1BB31 /* Build configuration list for PBXProject "Builder-02" */ = {
			isa = XCConfigurationList;
			buildConfigurations = (
				CEA99BE028A23EDB00D1BB31 /* Debug */,
				CEA99BE128A23EDB00D1BB31 /* Release */,
			);
			defaultConfigurationIsVisible = 0;
			defaultConfigurationName = Release;
		};
		CEA99BE228A23EDB00D1BB31 /* Build configuration list for PBXNativeTarget "Builder-02" */ = {
			isa = XCConfigurationList;
			buildConfigurations = (
				CEA99BE328A23EDB00D1BB31 /* Debug */,
				CEA99BE428A23EDB00D1BB31 /* Release */,
			);
			defaultConfigurationIsVisible = 0;
			defaultConfigurationName = Release;
		};
/* End XCConfigurationList section */
	};
	rootObject = CEA99BD328A23EDB00D1BB31 /* Project object */;
}
